
Microsoft Visual Studio Solution File, Format Version 12.00
# Visual Studio Version 16
VisualStudioVersion = 16.0.29613.14
MinimumVisualStudioVersion = 10.0.40219.1
Project("{9A19103F-16F7-4668-BE54-9A1E7A4F7556}") = "JLocalizer", "JLocalizer\JLocalizer.csproj", "{F795484C-ED67-483F-BE9B-A5F876361C0D}"
EndProject
Project("{9A19103F-16F7-4668-BE54-9A1E7A4F7556}") = "JLocalizer.Web", "JLocalizer.Web\JLocalizer.Web.csproj", "{F01D6E8A-D3B1-44C0-B17A-3F727F50FE45}"
EndProject
Project("{9A19103F-16F7-4668-BE54-9A1E7A4F7556}") = "JLocalizer.Resource.Web.Api", "JLocalizer.Resource.Web.Api\JLocalizer.Resource.Web.Api.csproj", "{A8983535-5A52-4352-96AE-CEE63FBF211F}"
EndProject
Global
	GlobalSection(SolutionConfigurationPlatforms) = preSolution
		Debug|Any CPU = Debug|Any CPU
		Release|Any CPU = Release|Any CPU
	EndGlobalSection
	GlobalSection(ProjectConfigurationPlatforms) = postSolution
		{F795484C-ED67-483F-BE9B-A5F876361C0D}.Debug|Any CPU.ActiveCfg = Debug|Any CPU
		{F795484C-ED67-483F-BE9B-A5F876361C0D}.Debug|Any CPU.Build.0 = Debug|Any CPU
		{F795484C-ED67-483F-BE9B-A5F876361C0D}.Release|Any CPU.ActiveCfg = Release|Any CPU
		{F795484C-ED67-483F-BE9B-A5F876361C0D}.Release|Any CPU.Build.0 = Release|Any CPU
		{F01D6E8A-D3B1-44C0-B17A-3F727F50FE45}.Debug|Any CPU.ActiveCfg = Debug|Any CPU
		{F01D6E8A-D3B1-44C0-B17A-3F727F50FE45}.Debug|Any CPU.Build.0 = Debug|Any CPU
		{F01D6E8A-D3B1-44C0-B17A-3F727F50FE45}.Release|Any CPU.ActiveCfg = Release|Any CPU
		{F01D6E8A-D3B1-44C0-B17A-3F727F50FE45}.Release|Any CPU.Build.0 = Release|Any CPU
		{A8983535-5A52-4352-96AE-CEE63FBF211F}.Debug|Any CPU.ActiveCfg = Debug|Any CPU
		{A8983535-5A52-4352-96AE-CEE63FBF211F}.Debug|Any CPU.Build.0 = Debug|Any CPU
		{A8983535-5A52-4352-96AE-CEE63FBF211F}.Release|Any CPU.ActiveCfg = Release|Any CPU
		{A8983535-5A52-4352-96AE-CEE63FBF211F}.Release|Any CPU.Build.0 = Release|Any CPU
	EndGlobalSection
	GlobalSection(SolutionProperties) = preSolution
		HideSolutionNode = FALSE
	EndGlobalSection
	GlobalSection(ExtensibilityGlobals) = postSolution
		SolutionGuid = {8B6874B5-D628-44F2-96EE-7250CE9D0B6B}
	EndGlobalSection
EndGlobal
